
Microsoft Visual Studio Solution File, Format Version 12.00
# Visual Studio Version 17
VisualStudioVersion = 17.5.002.0
MinimumVisualStudioVersion = 10.0.40219.1
Project("{9A19103F-16F7-4668-BE54-9A1E7A4F7556}") = "DSProject2", "DSProject2.csproj", "{27DA3AC1-282C-4801-8430-B685A55F1422}"
EndProject
Global
	GlobalSection(SolutionConfigurationPlatforms) = preSolution
		Debug|Any CPU = Debug|Any CPU
		Release|Any CPU = Release|Any CPU
	EndGlobalSection
	GlobalSection(ProjectConfigurationPlatforms) = postSolution
		{27DA3AC1-282C-4801-8430-B685A55F1422}.Debug|Any CPU.ActiveCfg = Debug|Any CPU
		{27DA3AC1-282C-4801-8430-B685A55F1422}.Debug|Any CPU.Build.0 = Debug|Any CPU
		{27DA3AC1-282C-4801-8430-B685A55F1422}.Release|Any CPU.ActiveCfg = Release|Any CPU
		{27DA3AC1-282C-4801-8430-B685A55F1422}.Release|Any CPU.Build.0 = Release|Any CPU
	EndGlobalSection
	GlobalSection(SolutionProperties) = preSolution
		HideSolutionNode = FALSE
	EndGlobalSection
	GlobalSection(ExtensibilityGlobals) = postSolution
		SolutionGuid = {94A84940-AA1F-444A-81E7-06629C31C872}
	EndGlobalSection
EndGlobal
